
Microsoft Visual Studio Solution File, Format Version 12.00
# Visual Studio Version 17
VisualStudioVersion = 17.14.36301.6 d17.14
MinimumVisualStudioVersion = 10.0.40219.1
Project("{FAE04EC0-301F-11D3-BF4B-00C04F79EFBC}") = "VehicleApi", "VehicleApi\VehicleApi.csproj", "{506F49BB-7868-4420-B068-E435EF69204A}"
EndProject
Project("{FAE04EC0-301F-11D3-BF4B-00C04F79EFBC}") = "VehicleApi.Tests", "VehicleApi.Tests\VehicleApi.Tests.csproj", "{CBED4F0B-813B-4C9F-93EF-AB5343A18AF1}"
EndProject
Global
	GlobalSection(SolutionConfigurationPlatforms) = preSolution
		Debug|Any CPU = Debug|Any CPU
		Release|Any CPU = Release|Any CPU
	EndGlobalSection
	GlobalSection(ProjectConfigurationPlatforms) = postSolution
		{506F49BB-7868-4420-B068-E435EF69204A}.Debug|Any CPU.ActiveCfg = Debug|Any CPU
		{506F49BB-7868-4420-B068-E435EF69204A}.Debug|Any CPU.Build.0 = Debug|Any CPU
		{506F49BB-7868-4420-B068-E435EF69204A}.Release|Any CPU.ActiveCfg = Release|Any CPU
		{506F49BB-7868-4420-B068-E435EF69204A}.Release|Any CPU.Build.0 = Release|Any CPU
		{CBED4F0B-813B-4C9F-93EF-AB5343A18AF1}.Debug|Any CPU.ActiveCfg = Debug|Any CPU
		{CBED4F0B-813B-4C9F-93EF-AB5343A18AF1}.Debug|Any CPU.Build.0 = Debug|Any CPU
		{CBED4F0B-813B-4C9F-93EF-AB5343A18AF1}.Release|Any CPU.ActiveCfg = Release|Any CPU
		{CBED4F0B-813B-4C9F-93EF-AB5343A18AF1}.Release|Any CPU.Build.0 = Release|Any CPU
	EndGlobalSection
	GlobalSection(SolutionProperties) = preSolution
		HideSolutionNode = FALSE
	EndGlobalSection
	GlobalSection(ExtensibilityGlobals) = postSolution
		SolutionGuid = {D6FA3C49-D6C0-48BD-927F-681E704CF281}
	EndGlobalSection
EndGlobal
